// !$*UTF8*$!
{
	archiveVersion = 1;
	classes = {
	};
	objectVersion = 77;
	objects = {

/* Begin PBXContainerItemProxy section */
		8EF19ABE2E5B5BB4005DD27D /* PBXContainerItemProxy */ = {
			isa = PBXContainerItemProxy;
			containerPortal = 8EF19AA42E5B5BB2005DD27D /* Project object */;
			proxyType = 1;
			remoteGlobalIDString = 8EF19AAB2E5B5BB2005DD27D;
			remoteInfo = "Medication Tracking App";
		};
		8EF19AC82E5B5BB4005DD27D /* PBXContainerItemProxy */ = {
			isa = PBXContainerItemProxy;
			containerPortal = 8EF19AA42E5B5BB2005DD27D /* Project object */;
			proxyType = 1;
			remoteGlobalIDString = 8EF19AAB2E5B5BB2005DD27D;
			remoteInfo = "Medication Tracking App";
		};
/* End PBXContainerItemProxy section */

/* Begin PBXFileReference section */
		8EF19AAC2E5B5BB2005DD27D /* Medication Tracking App.app */ = {isa = PBXFileReference; explicitFileType = wrapper.application; includeInIndex = 0; path = "Medication Tracking App.app"; sourceTree = BUILT_PRODUCTS_DIR; };
		8EF19ABD2E5B5BB4005DD27D /* Medication Tracking AppTests.xctest */ = {isa = PBXFileReference; explicitFileType = wrapper.cfbundle; includeInIndex = 0; path = "Medication Tracking AppTests.xctest"; sourceTree = BUILT_PRODUCTS_DIR; };
		8EF19AC72E5B5BB4005DD27D /* Medication Tracking AppUITests.xctest */ = {isa = PBXFileReference; explicitFileType = wrapper.cfbundle; includeInIndex = 0; path = "Medication Tracking AppUITests.xctest"; sourceTree = BUILT_PRODUCTS_DIR; };
/* End PBXFileReference section */

/* Begin PBXFileSystemSynchronizedBuildFileExceptionSet section */
		8EF19ACF2E5B5BB4005DD27D /* Exceptions for "Medication Tracking App" folder in "Medication Tracking App" target */ = {
			isa = PBXFileSystemSynchronizedBuildFileExceptionSet;
			membershipExceptions = (
				Info.plist,
			);
			target = 8EF19AAB2E5B5BB2005DD27D /* Medication Tracking App */;
		};
/* End PBXFileSystemSynchronizedBuildFileExceptionSet section */

/* Begin PBXFileSystemSynchronizedRootGroup section */
		8EF19AAE2E5B5BB2005DD27D /* Medication Tracking App */ = {
			isa = PBXFileSystemSynchronizedRootGroup;
			exceptions = (
				8EF19ACF2E5B5BB4005DD27D /* Exceptions for "Medication Tracking App" folder in "Medication Tracking App" target */,
			);
			path = "Medication Tracking App";
			sourceTree = "<group>";
		};
		8EF19AC02E5B5BB4005DD27D /* Medication Tracking AppTests */ = {
			isa = PBXFileSystemSynchronizedRootGroup;
			path = "Medication Tracking AppTests";
			sourceTree = "<group>";
		};
		8EF19ACA2E5B5BB4005DD27D /* Medication Tracking AppUITests */ = {
			isa = PBXFileSystemSynchronizedRootGroup;
			path = "Medication Tracking AppUITests";
			sourceTree = "<group>";
		};
/* End PBXFileSystemSynchronizedRootGroup section */

/* Begin PBXFrameworksBuildPhase section */
		8EF19AA92E5B5BB2005DD27D /* Frameworks */ = {
			isa = PBXFrameworksBuildPhase;
			buildActionMask = 2147483647;
			files = (
			);
			runOnlyForDeploymentPostprocessing = 0;
		};
		8EF19ABA2E5B5BB4005DD27D /* Frameworks */ = {
			isa = PBXFrameworksBuildPhase;
			buildActionMask = 2147483647;
			files = (
			);
			runOnlyForDeploymentPostprocessing = 0;
		};
		8EF19AC42E5B5BB4005DD27D /* Frameworks */ = {
			isa = PBXFrameworksBuildPhase;
			buildActionMask = 2147483647;
			files = (
			);
			runOnlyForDeploymentPostprocessing = 0;
		};
/* End PBXFrameworksBuildPhase section */

/* Begin PBXGroup section */
		8EF19AA32E5B5BB2005DD27D = {
			isa = PBXGroup;
			children = (
				8EF19AAE2E5B5BB2005DD27D /* Medication Tracking App */,
				8EF19AC02E5B5BB4005DD27D /* Medication Tracking AppTests */,
				8EF19ACA2E5B5BB4005DD27D /* Medication Tracking AppUITests */,
				8EF19AAD2E5B5BB2005DD27D /* Products */,
			);
			sourceTree = "<group>";
		};
		8EF19AAD2E5B5BB2005DD27D /* Products */ = {
			isa = PBXGroup;
			children = (
				8EF19AAC2E5B5BB2005DD27D /* Medication Tracking App.app */,
				8EF19ABD2E5B5BB4005DD27D /* Medication Tracking AppTests.xctest */,
				8EF19AC72E5B5BB4005DD27D /* Medication Tracking AppUITests.xctest */,
			);
			name = Products;
			sourceTree = "<group>";
		};
/* End PBXGroup section */

/* Begin PBXNativeTarget section */
		8EF19AAB2E5B5BB2005DD27D /* Medication Tracking App */ = {
			isa = PBXNativeTarget;
			buildConfigurationList = 8EF19AD02E5B5BB4005DD27D /* Build configuration list for PBXNativeTarget "Medication Tracking App" */;
			buildPhases = (
				8EF19AA82E5B5BB2005DD27D /* Sources */,
				8EF19AA92E5B5BB2005DD27D /* Frameworks */,
				8EF19AAA2E5B5BB2005DD27D /* Resources */,
			);
			buildRules = (
			);
			dependencies = (
			);
			fileSystemSynchronizedGroups = (
				8EF19AAE2E5B5BB2005DD27D /* Medication Tracking App */,
			);
			name = "Medication Tracking App";
			packageProductDependencies = (
			);
			productName = "Medication Tracking App";
			productReference = 8EF19AAC2E5B5BB2005DD27D /* Medication Tracking App.app */;
			productType = "com.apple.product-type.application";
		};
		8EF19ABC2E5B5BB4005DD27D /* Medication Tracking AppTests */ = {
			isa = PBXNativeTarget;
			buildConfigurationList = 8EF19AD52E5B5BB4005DD27D /* Build configuration list for PBXNativeTarget "Medication Tracking AppTests" */;
			buildPhases = (
				8EF19AB92E5B5BB4005DD27D /* Sources */,
				8EF19ABA2E5B5BB4005DD27D /* Frameworks */,
				8EF19ABB2E5B5BB4005DD27D /* Resources */,
			);
			buildRules = (
			);
			dependencies = (
				8EF19ABF2E5B5BB4005DD27D /* PBXTargetDependency */,
			);
			fileSystemSynchronizedGroups = (
				8EF19AC02E5B5BB4005DD27D /* Medication Tracking AppTests */,
			);
			name = "Medication Tracking AppTests";
			packageProductDependencies = (
			);
			productName = "Medication Tracking AppTests";
			productReference = 8EF19ABD2E5B5BB4005DD27D /* Medication Tracking AppTests.xctest */;
			productType = "com.apple.product-type.bundle.unit-test";
		};
		8EF19AC62E5B5BB4005DD27D /* Medication Tracking AppUITests */ = {
			isa = PBXNativeTarget;
			buildConfigurationList = 8EF19AD82E5B5BB4005DD27D /* Build configuration list for PBXNativeTarget "Medication Tracking AppUITests" */;
			buildPhases = (
				8EF19AC32E5B5BB4005DD27D /* Sources */,
				8EF19AC42E5B5BB4005DD27D /* Frameworks */,
				8EF19AC52E5B5BB4005DD27D /* Resources */,
			);
			buildRules = (
			);
			dependencies = (
				8EF19AC92E5B5BB4005DD27D /* PBXTargetDependency */,
			);
			fileSystemSynchronizedGroups = (
				8EF19ACA2E5B5BB4005DD27D /* Medication Tracking AppUITests */,
			);
			name = "Medication Tracking AppUITests";
			packageProductDependencies = (
			);
			productName = "Medication Tracking AppUITests";
			productReference = 8EF19AC72E5B5BB4005DD27D /* Medication Tracking AppUITests.xctest */;
			productType = "com.apple.product-type.bundle.ui-testing";
		};
/* End PBXNativeTarget section */

/* Begin PBXProject section */
		8EF19AA42E5B5BB2005DD27D /* Project object */ = {
			isa = PBXProject;
			attributes = {
				BuildIndependentTargetsInParallel = 1;
				LastSwiftUpdateCheck = 1640;
				LastUpgradeCheck = 1640;
				TargetAttributes = {
					8EF19AAB2E5B5BB2005DD27D = {
						CreatedOnToolsVersion = 16.4;
					};
					8EF19ABC2E5B5BB4005DD27D = {
						CreatedOnToolsVersion = 16.4;
						TestTargetID = 8EF19AAB2E5B5BB2005DD27D;
					};
					8EF19AC62E5B5BB4005DD27D = {
						CreatedOnToolsVersion = 16.4;
						TestTargetID = 8EF19AAB2E5B5BB2005DD27D;
					};
				};
			};
			buildConfigurationList = 8EF19AA72E5B5BB2005DD27D /* Build configuration list for PBXProject "Medication Tracking App" */;
			developmentRegion = en;
			hasScannedForEncodings = 0;
			knownRegions = (
				en,
				Base,
			);
			mainGroup = 8EF19AA32E5B5BB2005DD27D;
			minimizedProjectReferenceProxies = 1;
			preferredProjectObjectVersion = 77;
			productRefGroup = 8EF19AAD2E5B5BB2005DD27D /* Products */;
			projectDirPath = "";
			projectRoot = "";
			targets = (
				8EF19AAB2E5B5BB2005DD27D /* Medication Tracking App */,
				8EF19ABC2E5B5BB4005DD27D /* Medication Tracking AppTests */,
				8EF19AC62E5B5BB4005DD27D /* Medication Tracking AppUITests */,
			);
		};
/* End PBXProject section */

/* Begin PBXResourcesBuildPhase section */
		8EF19AAA2E5B5BB2005DD27D /* Resources */ = {
			isa = PBXResourcesBuildPhase;
			buildActionMask = 2147483647;
			files = (
			);
			runOnlyForDeploymentPostprocessing = 0;
		};
		8EF19ABB2E5B5BB4005DD27D /* Resources */ = {
			isa = PBXResourcesBuildPhase;
			buildActionMask = 2147483647;
			files = (
			);
			runOnlyForDeploymentPostprocessing = 0;
		};
		8EF19AC52E5B5BB4005DD27D /* Resources */ = {
			isa = PBXResourcesBuildPhase;
			buildActionMask = 2147483647;
			files = (
			);
			runOnlyForDeploymentPostprocessing = 0;
		};
/* End PBXResourcesBuildPhase section */

/* Begin PBXSourcesBuildPhase section */
		8EF19AA82E5B5BB2005DD27D /* Sources */ = {
			isa = PBXSourcesBuildPhase;
			buildActionMask = 2147483647;
			files = (
			);
			runOnlyForDeploymentPostprocessing = 0;
		};
		8EF19AB92E5B5BB4005DD27D /* Sources */ = {
			isa = PBXSourcesBuildPhase;
			buildActionMask = 2147483647;
			files = (
			);
			runOnlyForDeploymentPostprocessing = 0;
		};
		8EF19AC32E5B5BB4005DD27D /* Sources */ = {
			isa = PBXSourcesBuildPhase;
			buildActionMask = 2147483647;
			files = (
			);
			runOnlyForDeploymentPostprocessing = 0;
		};
/* End PBXSourcesBuildPhase section */

/* Begin PBXTargetDependency section */
		8EF19ABF2E5B5BB4005DD27D /* PBXTargetDependency */ = {
			isa = PBXTargetDependency;
			target = 8EF19AAB2E5B5BB2005DD27D /* Medication Tracking App */;
			targetProxy = 8EF19ABE2E5B5BB4005DD27D /* PBXContainerItemProxy */;
		};
		8EF19AC92E5B5BB4005DD27D /* PBXTargetDependency */ = {
			isa = PBXTargetDependency;
			target = 8EF19AAB2E5B5BB2005DD27D /* Medication Tracking App */;
			targetProxy = 8EF19AC82E5B5BB4005DD27D /* PBXContainerItemProxy */;
		};
/* End PBXTargetDependency section */

/* Begin XCBuildConfiguration section */
		8EF19AD12E5B5BB4005DD27D /* Debug */ = {
			isa = XCBuildConfiguration;
			buildSettings = {
				ASSETCATALOG_COMPILER_APPICON_NAME = AppIcon;
				ASSETCATALOG_COMPILER_GLOBAL_ACCENT_COLOR_NAME = AccentColor;
				CODE_SIGN_ENTITLEMENTS = "Medication Tracking App/Medication_Tracking_App.entitlements";
				CODE_SIGN_STYLE = Automatic;
				CURRENT_PROJECT_VERSION = 1;
				ENABLE_PREVIEWS = YES;
				GENERATE_INFOPLIST_FILE = YES;
				INFOPLIST_FILE = "Medication Tracking App/Info.plist";
				INFOPLIST_KEY_UIApplicationSceneManifest_Generation = YES;
				INFOPLIST_KEY_UIApplicationSupportsIndirectInputEvents = YES;
				INFOPLIST_KEY_UILaunchScreen_Generation = YES;
				INFOPLIST_KEY_UISupportedInterfaceOrientations_iPad = "UIInterfaceOrientationPortrait UIInterfaceOrientationPortraitUpsideDown UIInterfaceOrientationLandscapeLeft UIInterfaceOrientationLandscapeRight";
				INFOPLIST_KEY_UISupportedInterfaceOrientations_iPhone = "UIInterfaceOrientationPortrait UIInterfaceOrientationLandscapeLeft UIInterfaceOrientationLandscapeRight";
				LD_RUNPATH_SEARCH_PATHS = (
					"$(inherited)",
					"@executable_path/Frameworks",
				);
				MARKETING_VERSION = 1.0;
				PRODUCT_BUNDLE_IDENTIFIER = "com.pippa.Medication-Tracking-App";
				PRODUCT_NAME = "$(TARGET_NAME)";
				SWIFT_EMIT_LOC_STRINGS = YES;
				SWIFT_VERSION = 5.0;
				TARGETED_DEVICE_FAMILY = "1,2";
			};
			name = Debug;
		};
		8EF19AD22E5B5BB4005DD27D /* Release */ = {
			isa = XCBuildConfiguration;
			buildSettings = {
				ASSETCATALOG_COMPILER_APPICON_NAME = AppIcon;
				ASSETCATALOG_COMPILER_GLOBAL_ACCENT_COLOR_NAME = AccentColor;
				CODE_SIGN_ENTITLEMENTS = "Medication Tracking App/Medication_Tracking_App.entitlements";
				CODE_SIGN_STYLE = Automatic;
				CURRENT_PROJECT_VERSION = 1;
				ENABLE_PREVIEWS = YES;
				GENERATE_INFOPLIST_FILE = YES;
				INFOPLIST_FILE = "Medication Tracking App/Info.plist";
				INFOPLIST_KEY_UIApplicationSceneManifest_Generation = YES;
				INFOPLIST_KEY_UIApplicationSupportsIndirectInputEvents = YES;
				INFOPLIST_KEY_UILaunchScreen_Generation = YES;
				INFOPLIST_KEY_UISupportedInterfaceOrientations_iPad = "UIInterfaceOrientationPortrait UIInterfaceOrientationPortraitUpsideDown UIInterfaceOrientationLandscapeLeft UIInterfaceOrientationLandscapeRight";
				INFOPLIST_KEY_UISupportedInterfaceOrientations_iPhone = "UIInterfaceOrientationPortrait UIInterfaceOrientationLandscapeLeft UIInterfaceOrientationLandscapeRight";
				LD_RUNPATH_SEARCH_PATHS = (
					"$(inherited)",
					"@executable_path/Frameworks",
				);
				MARKETING_VERSION = 1.0;
				PRODUCT_BUNDLE_IDENTIFIER = "com.pippa.Medication-Tracking-App";
				PRODUCT_NAME = "$(TARGET_NAME)";
				SWIFT_EMIT_LOC_STRINGS = YES;
				SWIFT_VERSION = 5.0;
				TARGETED_DEVICE_FAMILY = "1,2";
			};
			name = Release;
		};
		8EF19AD32E5B5BB4005DD27D /* Debug */ = {
			isa = XCBuildConfiguration;
			buildSettings = {
				ALWAYS_SEARCH_USER_PATHS = NO;
				ASSETCATALOG_COMPILER_GENERATE_SWIFT_ASSET_SYMBOL_EXTENSIONS = YES;
				CLANG_ANALYZER_NONNULL = YES;
				CLANG_ANALYZER_NUMBER_OBJECT_CONVERSION = YES_AGGRESSIVE;
				CLANG_CXX_LANGUAGE_STANDARD = "gnu++20";
				CLANG_ENABLE_MODULES = YES;
				CLANG_ENABLE_OBJC_ARC = YES;
				CLANG_ENABLE_OBJC_WEAK = YES;
				CLANG_WARN_BLOCK_CAPTURE_AUTORELEASING = YES;
				CLANG_WARN_BOOL_CONVERSION = YES;
				CLANG_WARN_COMMA = YES;
				CLANG_WARN_CONSTANT_CONVERSION = YES;
				CLANG_WARN_DEPRECATED_OBJC_IMPLEMENTATIONS = YES;
				CLANG_WARN_DIRECT_OBJC_ISA_USAGE = YES_ERROR;
				CLANG_WARN_DOCUMENTATION_COMMENTS = YES;
				CLANG_WARN_EMPTY_BODY = YES;
				CLANG_WARN_ENUM_CONVERSION = YES;
				CLANG_WARN_INFINITE_RECURSION = YES;
				CLANG_WARN_INT_CONVERSION = YES;
				CLANG_WARN_NON_LITERAL_NULL_CONVERSION = YES;
				CLANG_WARN_OBJC_IMPLICIT_RETAIN_SELF = YES;
				CLANG_WARN_OBJC_LITERAL_CONVERSION = YES;
				CLANG_WARN_OBJC_ROOT_CLASS = YES_ERROR;
				CLANG_WARN_QUOTED_INCLUDE_IN_FRAMEWORK_HEADER = YES;
				CLANG_WARN_RANGE_LOOP_ANALYSIS = YES;
				CLANG_WARN_STRICT_PROTOTYPES = YES;
				CLANG_WARN_SUSPICIOUS_MOVE = YES;
				CLANG_WARN_UNGUARDED_AVAILABILITY = YES_AGGRESSIVE;
				CLANG_WARN_UNREACHABLE_CODE = YES;
				CLANG_WARN__DUPLICATE_METHOD_MATCH = YES;
				COPY_PHASE_STRIP = NO;
				DEBUG_INFORMATION_FORMAT = dwarf;
				ENABLE_STRICT_OBJC_MSGSEND = YES;
				ENABLE_TESTABILITY = YES;
				ENABLE_USER_SCRIPT_SANDBOXING = YES;
				GCC_C_LANGUAGE_STANDARD = gnu17;
				GCC_DYNAMIC_NO_PIC = NO;
				GCC_NO_COMMON_BLOCKS = YES;
				GCC_OPTIMIZATION_LEVEL = 0;
				GCC_PREPROCESSOR_DEFINITIONS = (
					"DEBUG=1",
					"$(inherited)",
				);
				GCC_WARN_64_TO_32_BIT_CONVERSION = YES;
				GCC_WARN_ABOUT_RETURN_TYPE = YES_ERROR;
				GCC_WARN_UNDECLARED_SELECTOR = YES;
				GCC_WARN_UNINITIALIZED_AUTOS = YES_AGGRESSIVE;
				GCC_WARN_UNUSED_FUNCTION = YES;
				GCC_WARN_UNUSED_VARIABLE = YES;
				IPHONEOS_DEPLOYMENT_TARGET = 18.5;
				LOCALIZATION_PREFERS_STRING_CATALOGS = YES;
				MTL_ENABLE_DEBUG_INFO = INCLUDE_SOURCE;
				MTL_FAST_MATH = YES;
				ONLY_ACTIVE_ARCH = YES;
				SDKROOT = iphoneos;
				SWIFT_ACTIVE_COMPILATION_CONDITIONS = "DEBUG $(inherited)";
				SWIFT_OPTIMIZATION_LEVEL = "-Onone";
			};
			name = Debug;
		};
		8EF19AD42E5B5BB4005DD27D /* Release */ = {
			isa = XCBuildConfiguration;
			buildSettings = {
				ALWAYS_SEARCH_USER_PATHS = NO;
				ASSETCATALOG_COMPILER_GENERATE_SWIFT_ASSET_SYMBOL_EXTENSIONS = YES;
				CLANG_ANALYZER_NONNULL = YES;
				CLANG_ANALYZER_NUMBER_OBJECT_CONVERSION = YES_AGGRESSIVE;
				CLANG_CXX_LANGUAGE_STANDARD = "gnu++20";
				CLANG_ENABLE_MODULES = YES;
				CLANG_ENABLE_OBJC_ARC = YES;
				CLANG_ENABLE_OBJC_WEAK = YES;
				CLANG_WARN_BLOCK_CAPTURE_AUTORELEASING = YES;
				CLANG_WARN_BOOL_CONVERSION = YES;
				CLANG_WARN_COMMA = YES;
				CLANG_WARN_CONSTANT_CONVERSION = YES;
				CLANG_WARN_DEPRECATED_OBJC_IMPLEMENTATIONS = YES;
				CLANG_WARN_DIRECT_OBJC_ISA_USAGE = YES_ERROR;
				CLANG_WARN_DOCUMENTATION_COMMENTS = YES;
				CLANG_WARN_EMPTY_BODY = YES;
				CLANG_WARN_ENUM_CONVERSION = YES;
				CLANG_WARN_INFINITE_RECURSION = YES;
				CLANG_WARN_INT_CONVERSION = YES;
				CLANG_WARN_NON_LITERAL_NULL_CONVERSION = YES;
				CLANG_WARN_OBJC_IMPLICIT_RETAIN_SELF = YES;
				CLANG_WARN_OBJC_LITERAL_CONVERSION = YES;
				CLANG_WARN_OBJC_ROOT_CLASS = YES_ERROR;
				CLANG_WARN_QUOTED_INCLUDE_IN_FRAMEWORK_HEADER = YES;
				CLANG_WARN_RANGE_LOOP_ANALYSIS = YES;
				CLANG_WARN_STRICT_PROTOTYPES = YES;
				CLANG_WARN_SUSPICIOUS_MOVE = YES;
				CLANG_WARN_UNGUARDED_AVAILABILITY = YES_AGGRESSIVE;
				CLANG_WARN_UNREACHABLE_CODE = YES;
				CLANG_WARN__DUPLICATE_METHOD_MATCH = YES;
				COPY_PHASE_STRIP = NO;
				DEBUG_INFORMATION_FORMAT = "dwarf-with-dsym";
				ENABLE_NS_ASSERTIONS = NO;
				ENABLE_STRICT_OBJC_MSGSEND = YES;
				ENABLE_USER_SCRIPT_SANDBOXING = YES;
				GCC_C_LANGUAGE_STANDARD = gnu17;
				GCC_NO_COMMON_BLOCKS = YES;
				GCC_WARN_64_TO_32_BIT_CONVERSION = YES;
				GCC_WARN_ABOUT_RETURN_TYPE = YES_ERROR;
				GCC_WARN_UNDECLARED_SELECTOR = YES;
				GCC_WARN_UNINITIALIZED_AUTOS = YES_AGGRESSIVE;
				GCC_WARN_UNUSED_FUNCTION = YES;
				GCC_WARN_UNUSED_VARIABLE = YES;
				IPHONEOS_DEPLOYMENT_TARGET = 18.5;
				LOCALIZATION_PREFERS_STRING_CATALOGS = YES;
				MTL_ENABLE_DEBUG_INFO = NO;
				MTL_FAST_MATH = YES;
				SDKROOT = iphoneos;
				SWIFT_COMPILATION_MODE = wholemodule;
				VALIDATE_PRODUCT = YES;
			};
			name = Release;
		};
		8EF19AD62E5B5BB4005DD27D /* Debug */ = {
			isa = XCBuildConfiguration;
			buildSettings = {
				BUNDLE_LOADER = "$(TEST_HOST)";
				CODE_SIGN_STYLE = Automatic;
				CURRENT_PROJECT_VERSION = 1;
				GENERATE_INFOPLIST_FILE = YES;
				IPHONEOS_DEPLOYMENT_TARGET = 18.5;
				MARKETING_VERSION = 1.0;
				PRODUCT_BUNDLE_IDENTIFIER = "com.pippa.Medication-Tracking-AppTests";
				PRODUCT_NAME = "$(TARGET_NAME)";
				SWIFT_EMIT_LOC_STRINGS = NO;
				SWIFT_VERSION = 5.0;
				TARGETED_DEVICE_FAMILY = "1,2";
				TEST_HOST = "$(BUILT_PRODUCTS_DIR)/Medication Tracking App.app/$(BUNDLE_EXECUTABLE_FOLDER_PATH)/Medication Tracking App";
			};
			name = Debug;
		};
		8EF19AD72E5B5BB4005DD27D /* Release */ = {
			isa = XCBuildConfiguration;
			buildSettings = {
				BUNDLE_LOADER = "$(TEST_HOST)";
				CODE_SIGN_STYLE = Automatic;
				CURRENT_PROJECT_VERSION = 1;
				GENERATE_INFOPLIST_FILE = YES;
				IPHONEOS_DEPLOYMENT_TARGET = 18.5;
				MARKETING_VERSION = 1.0;
				PRODUCT_BUNDLE_IDENTIFIER = "com.pippa.Medication-Tracking-AppTests";
				PRODUCT_NAME = "$(TARGET_NAME)";
				SWIFT_EMIT_LOC_STRINGS = NO;
				SWIFT_VERSION = 5.0;
				TARGETED_DEVICE_FAMILY = "1,2";
				TEST_HOST = "$(BUILT_PRODUCTS_DIR)/Medication Tracking App.app/$(BUNDLE_EXECUTABLE_FOLDER_PATH)/Medication Tracking App";
			};
			name = Release;
		};
		8EF19AD92E5B5BB4005DD27D /* Debug */ = {
			isa = XCBuildConfiguration;
			buildSettings = {
				CODE_SIGN_STYLE = Automatic;
				CURRENT_PROJECT_VERSION = 1;
				GENERATE_INFOPLIST_FILE = YES;
				MARKETING_VERSION = 1.0;
				PRODUCT_BUNDLE_IDENTIFIER = "com.pippa.Medication-Tracking-AppUITests";
				PRODUCT_NAME = "$(TARGET_NAME)";
				SWIFT_EMIT_LOC_STRINGS = NO;
				SWIFT_VERSION = 5.0;
				TARGETED_DEVICE_FAMILY = "1,2";
				TEST_TARGET_NAME = "Medication Tracking App";
			};
			name = Debug;
		};
		8EF19ADA2E5B5BB4005DD27D /* Release */ = {
			isa = XCBuildConfiguration;
			buildSettings = {
				CODE_SIGN_STYLE = Automatic;
				CURRENT_PROJECT_VERSION = 1;
				GENERATE_INFOPLIST_FILE = YES;
				MARKETING_VERSION = 1.0;
				PRODUCT_BUNDLE_IDENTIFIER = "com.pippa.Medication-Tracking-AppUITests";
				PRODUCT_NAME = "$(TARGET_NAME)";
				SWIFT_EMIT_LOC_STRINGS = NO;
				SWIFT_VERSION = 5.0;
				TARGETED_DEVICE_FAMILY = "1,2";
				TEST_TARGET_NAME = "Medication Tracking App";
			};
			name = Release;
		};
/* End XCBuildConfiguration section */

/* Begin XCConfigurationList section */
		8EF19AA72E5B5BB2005DD27D /* Build configuration list for PBXProject "Medication Tracking App" */ = {
			isa = XCConfigurationList;
			buildConfigurations = (
				8EF19AD32E5B5BB4005DD27D /* Debug */,
				8EF19AD42E5B5BB4005DD27D /* Release */,
			);
			defaultConfigurationIsVisible = 0;
			defaultConfigurationName = Release;
		};
		8EF19AD02E5B5BB4005DD27D /* Build configuration list for PBXNativeTarget "Medication Tracking App" */ = {
			isa = XCConfigurationList;
			buildConfigurations = (
				8EF19AD12E5B5BB4005DD27D /* Debug */,
				8EF19AD22E5B5BB4005DD27D /* Release */,
			);
			defaultConfigurationIsVisible = 0;
			defaultConfigurationName = Release;
		};
		8EF19AD52E5B5BB4005DD27D /* Build configuration list for PBXNativeTarget "Medication Tracking AppTests" */ = {
			isa = XCConfigurationList;
			buildConfigurations = (
				8EF19AD62E5B5BB4005DD27D /* Debug */,
				8EF19AD72E5B5BB4005DD27D /* Release */,
			);
			defaultConfigurationIsVisible = 0;
			defaultConfigurationName = Release;
		};
		8EF19AD82E5B5BB4005DD27D /* Build configuration list for PBXNativeTarget "Medication Tracking AppUITests" */ = {
			isa = XCConfigurationList;
			buildConfigurations = (
				8EF19AD92E5B5BB4005DD27D /* Debug */,
				8EF19ADA2E5B5BB4005DD27D /* Release */,
			);
			defaultConfigurationIsVisible = 0;
			defaultConfigurationName = Release;
		};
/* End XCConfigurationList section */
	};
	rootObject = 8EF19AA42E5B5BB2005DD27D /* Project object */;
}
